{
  "object": {
    "pins": [
      {
        "package": "swift-argument-parser",
        "repositoryURL": "https://github.com/apple/swift-argument-parser.git",
        "state": {
          "branch": null,
          "revision": "986d191f94cec88f6350056da59c2e59e83d1229",
          "version": "0.4.3"
        }
      },
      {
        "package": "swift-toolchain-sqlite",
        "repositoryURL": "https://github.com/swiftlang/swift-toolchain-sqlite",
        "state": {
          "branch": null,
          "revision": "b45b80b943e88db3cb8ddea798fa3fa9912375ff",
          "version": "1.0.7"
        }
      }
    ]
  },
  "version": 1
}
